
Microsoft Visual Studio Solution File, Format Version 12.00
# Visual Studio Version 16
VisualStudioVersion = 16.0.30523.141
MinimumVisualStudioVersion = 10.0.40219.1
Project("{FAE04EC0-301F-11D3-BF4B-00C04F79EFBC}") = "Capcha", "Capcha.csproj", "{E07162C4-F0B0-4F0E-8BA1-5B93A3C5A677}"
EndProject
Global
	GlobalSection(SolutionConfigurationPlatforms) = preSolution
		Debug|Any CPU = Debug|Any CPU
		Release|Any CPU = Release|Any CPU
	EndGlobalSection
	GlobalSection(ProjectConfigurationPlatforms) = postSolution
		{E07162C4-F0B0-4F0E-8BA1-5B93A3C5A677}.Debug|Any CPU.ActiveCfg = Debug|Any CPU
		{E07162C4-F0B0-4F0E-8BA1-5B93A3C5A677}.Debug|Any CPU.Build.0 = Debug|Any CPU
		{E07162C4-F0B0-4F0E-8BA1-5B93A3C5A677}.Release|Any CPU.ActiveCfg = Release|Any CPU
		{E07162C4-F0B0-4F0E-8BA1-5B93A3C5A677}.Release|Any CPU.Build.0 = Release|Any CPU
	EndGlobalSection
	GlobalSection(SolutionProperties) = preSolution
		HideSolutionNode = FALSE
	EndGlobalSection
	GlobalSection(ExtensibilityGlobals) = postSolution
		SolutionGuid = {A3CC1674-05EA-4A46-9209-018DF203990C}
	EndGlobalSection
EndGlobal
